
Microsoft Visual Studio Solution File, Format Version 12.00
# Visual Studio Version 17
VisualStudioVersion = 17.4.33213.308
MinimumVisualStudioVersion = 10.0.40219.1
Project("{FAE04EC0-301F-11D3-BF4B-00C04F79EFBC}") = "E-Commerce", "E-Commerce\E-Commerce.csproj", "{035D153F-E832-42FF-83B1-97C153FF320D}"
EndProject
Project("{FAE04EC0-301F-11D3-BF4B-00C04F79EFBC}") = "BLayer", "BLayer\BLayer.csproj", "{422741C1-E6FB-457E-ACE9-1725F09A93D9}"
EndProject
Project("{FAE04EC0-301F-11D3-BF4B-00C04F79EFBC}") = "DALayer", "DALayer\DALayer.csproj", "{EDEBBEE9-5A10-4578-9BA1-87A175AF526F}"
EndProject
Global
	GlobalSection(SolutionConfigurationPlatforms) = preSolution
		Debug|Any CPU = Debug|Any CPU
		Release|Any CPU = Release|Any CPU
	EndGlobalSection
	GlobalSection(ProjectConfigurationPlatforms) = postSolution
		{035D153F-E832-42FF-83B1-97C153FF320D}.Debug|Any CPU.ActiveCfg = Debug|Any CPU
		{035D153F-E832-42FF-83B1-97C153FF320D}.Debug|Any CPU.Build.0 = Debug|Any CPU
		{035D153F-E832-42FF-83B1-97C153FF320D}.Release|Any CPU.ActiveCfg = Release|Any CPU
		{035D153F-E832-42FF-83B1-97C153FF320D}.Release|Any CPU.Build.0 = Release|Any CPU
		{422741C1-E6FB-457E-ACE9-1725F09A93D9}.Debug|Any CPU.ActiveCfg = Debug|Any CPU
		{422741C1-E6FB-457E-ACE9-1725F09A93D9}.Debug|Any CPU.Build.0 = Debug|Any CPU
		{422741C1-E6FB-457E-ACE9-1725F09A93D9}.Release|Any CPU.ActiveCfg = Release|Any CPU
		{422741C1-E6FB-457E-ACE9-1725F09A93D9}.Release|Any CPU.Build.0 = Release|Any CPU
		{EDEBBEE9-5A10-4578-9BA1-87A175AF526F}.Debug|Any CPU.ActiveCfg = Debug|Any CPU
		{EDEBBEE9-5A10-4578-9BA1-87A175AF526F}.Debug|Any CPU.Build.0 = Debug|Any CPU
		{EDEBBEE9-5A10-4578-9BA1-87A175AF526F}.Release|Any CPU.ActiveCfg = Release|Any CPU
		{EDEBBEE9-5A10-4578-9BA1-87A175AF526F}.Release|Any CPU.Build.0 = Release|Any CPU
	EndGlobalSection
	GlobalSection(SolutionProperties) = preSolution
		HideSolutionNode = FALSE
	EndGlobalSection
	GlobalSection(ExtensibilityGlobals) = postSolution
		SolutionGuid = {1E1B6528-932D-4E45-B923-5436629E4645}
	EndGlobalSection
EndGlobal
